PATH
  remote: .
  specs:
    voice_memo (0.1.0)
      json (~> 2.0)
      optparse (~> 0.1.1)
      ruby-openai (~> 6.0)

GEM
  remote: https://rubygems.org/
  specs:
    event_stream_parser (1.0.0)
    faraday (2.13.1)
      faraday-net_http (>= 2.0, < 3.5)
      json
      logger
    faraday-multipart (1.1.0)
      multipart-post (~> 2.0)
    faraday-net_http (3.4.0)
      net-http (>= 0.5.0)
    json (2.11.3)
    logger (1.7.0)
    multipart-post (2.4.1)
    net-http (0.6.0)
      uri
    optparse (0.1.1)
    rake (13.2.1)
    ruby-openai (6.5.0)
      event_stream_parser (>= 0.3.0, < 2.0.0)
      faraday (>= 1)
      faraday-multipart (>= 1)
    uri (1.0.3)

PLATFORMS
  arm64-darwin-23
  ruby

DEPENDENCIES
  bundler (~> 2.0)
  rake (~> 13.0)
  voice_memo!

BUNDLED WITH
   2.6.2
